<Solution>
  <Folder Name="/Complete/" />
  <Folder Name="/Object/">
    <Project Path="Object/ServiceBusObjectReceiver/ServiceBusObjectReceiver.csproj" />
    <Project Path="Object/ServiceBusObjectSender/ServiceBusObjectSender.csproj" />
  </Folder>
  <Folder Name="/String/">
    <Project Path="String/ServiceBusReceiver/ServiceBusReceiver.csproj" />
    <Project Path="String/ServiceBusSender/ServiceBusSender.csproj" />
  </Folder>
</Solution>
