<Solution>
  <Folder Name="/Abandon/">
    <Project Path="Abandon/ServiceBusAbandonReceiver/ServiceBusAbandonReceiver.csproj" Id="29ba8679-7783-4044-89e5-0225a6b0b26a" />
  </Folder>
  <Folder Name="/Complete/">
    <Project Path="Complete/ServiceBusCompleteReceiver/ServiceBusCompleteReceiver.csproj" Id="7a1d40ae-ef85-4f5b-a7ae-e8f33e82560e" />
  </Folder>
  <Folder Name="/Object/">
    <Project Path="Object/ServiceBusObjectReceiver/ServiceBusObjectReceiver.csproj" />
    <Project Path="Object/ServiceBusObjectSender/ServiceBusObjectSender.csproj" />
  </Folder>
  <Folder Name="/String/">
    <Project Path="String/ServiceBusReceiver/ServiceBusReceiver.csproj" />
    <Project Path="String/ServiceBusSender/ServiceBusSender.csproj" />
  </Folder>
</Solution>
